{"version":4,"terraform_version":"1.9.0","serial":28,"lineage":"5a2b2f38-0fee-757b-3525-86ed1097cc1b","outputs":{},"resources":[{"module":"module.cluster2","mode":"managed","type":"azurerm_resource_group","name":"rg-aks","provider":"provider[\"registry.opentofu.org/hashicorp/azurerm\"].vse","instances":[{"schema_version":0,"attributes":{"id":"/subscriptions/832c71ea-3ad6-441f-9631-cb299f967c5a/resourceGroups/rg-aks-cluster2","location":"centralindia","managed_by":"","name":"rg-aks-cluster2","tags":{},"timeouts":null},"sensitive_attributes":[],"private":"eyJlMmJmYjczMC1lY2FhLTExZTYtOGY4OC0zNDM2M2JjN2M0YzAiOnsiY3JlYXRlIjo1NDAwMDAwMDAwMDAwLCJkZWxldGUiOjU0MDAwMDAwMDAwMDAsInJlYWQiOjMwMDAwMDAwMDAwMCwidXBkYXRlIjo1NDAwMDAwMDAwMDAwfX0="}]}],"check_results":null}
